
Microsoft Visual Studio Solution File, Format Version 12.00
# Visual Studio Version 17
VisualStudioVersion = 17.10.35004.147
MinimumVisualStudioVersion = 10.0.40219.1
Project("{FAE04EC0-301F-11D3-BF4B-00C04F79EFBC}") = "CodePractice", "CodePractice\CodePractice.csproj", "{AF0A5706-4C37-4D0C-9E68-A0E44A993D92}"
EndProject
Global
	GlobalSection(SolutionConfigurationPlatforms) = preSolution
		Debug|Any CPU = Debug|Any CPU
		Release|Any CPU = Release|Any CPU
	EndGlobalSection
	GlobalSection(ProjectConfigurationPlatforms) = postSolution
		{AF0A5706-4C37-4D0C-9E68-A0E44A993D92}.Debug|Any CPU.ActiveCfg = Debug|Any CPU
		{AF0A5706-4C37-4D0C-9E68-A0E44A993D92}.Debug|Any CPU.Build.0 = Debug|Any CPU
		{AF0A5706-4C37-4D0C-9E68-A0E44A993D92}.Release|Any CPU.ActiveCfg = Release|Any CPU
		{AF0A5706-4C37-4D0C-9E68-A0E44A993D92}.Release|Any CPU.Build.0 = Release|Any CPU
	EndGlobalSection
	GlobalSection(SolutionProperties) = preSolution
		HideSolutionNode = FALSE
	EndGlobalSection
	GlobalSection(ExtensibilityGlobals) = postSolution
		SolutionGuid = {7A2C403D-F8B7-4660-AD9A-CE88CBFDA9EF}
	EndGlobalSection
EndGlobal
